
Microsoft Visual Studio Solution File, Format Version 12.00
# Visual Studio Version 17
VisualStudioVersion = 17.1.32414.318
MinimumVisualStudioVersion = 10.0.40219.1
Project("{FAE04EC0-301F-11D3-BF4B-00C04F79EFBC}") = "MegaDesk", "MegaDesk.csproj", "{A93C8EED-DFCD-4E0B-90B6-FC0DEF736CB8}"
EndProject
Global
	GlobalSection(SolutionConfigurationPlatforms) = preSolution
		Debug|Any CPU = Debug|Any CPU
		Release|Any CPU = Release|Any CPU
	EndGlobalSection
	GlobalSection(ProjectConfigurationPlatforms) = postSolution
		{A93C8EED-DFCD-4E0B-90B6-FC0DEF736CB8}.Debug|Any CPU.ActiveCfg = Debug|Any CPU
		{A93C8EED-DFCD-4E0B-90B6-FC0DEF736CB8}.Debug|Any CPU.Build.0 = Debug|Any CPU
		{A93C8EED-DFCD-4E0B-90B6-FC0DEF736CB8}.Release|Any CPU.ActiveCfg = Release|Any CPU
		{A93C8EED-DFCD-4E0B-90B6-FC0DEF736CB8}.Release|Any CPU.Build.0 = Release|Any CPU
	EndGlobalSection
	GlobalSection(SolutionProperties) = preSolution
		HideSolutionNode = FALSE
	EndGlobalSection
	GlobalSection(ExtensibilityGlobals) = postSolution
		SolutionGuid = {15757049-12C0-43FD-B9DD-E9286CB7E6EB}
	EndGlobalSection
EndGlobal
